github.com/Hanaasagi/blowfish/v2 v2.0.0-20231025111455-28a31826d1ae h1:xaQ0fqxGk7bimeij0PoV6Q4YTzAhkEaImj6o6d+uTTE=
github.com/Hanaasagi/blowfish/v2 v2.0.0-20231025111455-28a31826d1ae/go.mod h1:3du+eVAIpshcBu9qljBEdVfcAa+nWl6ggQPdSmWo/Mc=
github.com/Hanaasagi/blowfish/v2 v2.0.0-20240519114013-51a4cdf3e16d h1:D4iND9JqqNl716fhfhj7qxuoxUjQKu0Q1W3k6KenIYA=
github.com/Hanaasagi/blowfish/v2 v2.0.0-20240519114013-51a4cdf3e16d/go.mod h1:3du+eVAIpshcBu9qljBEdVfcAa+nWl6ggQPdSmWo/Mc=
