github.com/Hanaasagi/blowfish/v2 v2.0.0-20231025111455-28a31826d1ae h1:xaQ0fqxGk7bimeij0PoV6Q4YTzAhkEaImj6o6d+uTTE=
github.com/Hanaasagi/blowfish/v2 v2.0.0-20231025111455-28a31826d1ae/go.mod h1:3du+eVAIpshcBu9qljBEdVfcAa+nWl6ggQPdSmWo/Mc=
github.com/Hanaasagi/blowfish/v2 v2.0.0-20240519114013-51a4cdf3e16d h1:D4iND9JqqNl716fhfhj7qxuoxUjQKu0Q1W3k6KenIYA=
github.com/Hanaasagi/blowfish/v2 v2.0.0-20240519114013-51a4cdf3e16d/go.mod h1:3du+eVAIpshcBu9qljBEdVfcAa+nWl6ggQPdSmWo/Mc=
github.com/Hanaasagi/blowfish/v2 v2.0.0-20240922094229-2c4bdbeed0b0 h1:haLt6Y0R9WQ5DKAF1P6pYtYoH4VYc9RBUo78RjlNAOM=
github.com/Hanaasagi/blowfish/v2 v2.0.0-20240922094229-2c4bdbeed0b0/go.mod h1:3du+eVAIpshcBu9qljBEdVfcAa+nWl6ggQPdSmWo/Mc=
github.com/Hanaasagi/blowfish/v2 v2.0.0-20240922100823-6b1919c7463b h1:J26aTM/LOOU5WWQQZF+ybZo++nvO8YoX+CRkc+1LuV4=
github.com/Hanaasagi/blowfish/v2 v2.0.0-20240922100823-6b1919c7463b/go.mod h1:3du+eVAIpshcBu9qljBEdVfcAa+nWl6ggQPdSmWo/Mc=
github.com/Hanaasagi/blowfish/v2 v2.0.0-20250105133713-a70614c51f35 h1:IRu5dIG8PPIqsZIVRFwKVFfOBIDJeOevM2xyu4+Mwl8=
github.com/Hanaasagi/blowfish/v2 v2.0.0-20250105133713-a70614c51f35/go.mod h1:3du+eVAIpshcBu9qljBEdVfcAa+nWl6ggQPdSmWo/Mc=
github.com/Hanaasagi/blowfish/v2 v2.0.0-20250215153930-83b3d09d9ca6 h1:M7mr/gqL8zeMhg2uOXoJsR2AmIIlpQFfdf4RKo2medg=
github.com/Hanaasagi/blowfish/v2 v2.0.0-20250215153930-83b3d09d9ca6/go.mod h1:3du+eVAIpshcBu9qljBEdVfcAa+nWl6ggQPdSmWo/Mc=
